
Microsoft Visual Studio Solution File, Format Version 12.00
# Visual Studio Version 16
VisualStudioVersion = 16.0.30621.155
MinimumVisualStudioVersion = 10.0.40219.1
Project("{FAE04EC0-301F-11D3-BF4B-00C04F79EFBC}") = "Codecool.CodecoolShop", "Codecool.CodecoolShop\Codecool.CodecoolShop.csproj", "{3A1D177E-B0B1-4755-8E0A-84320E63D4AA}"
EndProject
Global
	GlobalSection(SolutionConfigurationPlatforms) = preSolution
		Debug|Any CPU = Debug|Any CPU
		Release|Any CPU = Release|Any CPU
	EndGlobalSection
	GlobalSection(ProjectConfigurationPlatforms) = postSolution
		{3A1D177E-B0B1-4755-8E0A-84320E63D4AA}.Debug|Any CPU.ActiveCfg = Debug|Any CPU
		{3A1D177E-B0B1-4755-8E0A-84320E63D4AA}.Debug|Any CPU.Build.0 = Debug|Any CPU
		{3A1D177E-B0B1-4755-8E0A-84320E63D4AA}.Release|Any CPU.ActiveCfg = Release|Any CPU
		{3A1D177E-B0B1-4755-8E0A-84320E63D4AA}.Release|Any CPU.Build.0 = Release|Any CPU
	EndGlobalSection
	GlobalSection(SolutionProperties) = preSolution
		HideSolutionNode = FALSE
	EndGlobalSection
	GlobalSection(ExtensibilityGlobals) = postSolution
		SolutionGuid = {0A526C55-DE34-45AF-BCEA-EE3363B2AD50}
	EndGlobalSection
EndGlobal
